
Microsoft Visual Studio Solution File, Format Version 12.00
# Visual Studio Version 16
VisualStudioVersion = 16.0.33423.256
MinimumVisualStudioVersion = 10.0.40219.1
Project("{FAE04EC0-301F-11D3-BF4B-00C04F79EFBC}") = "VuHoangManh_N20DCCN001_cuoiky_gtctdl", "VuHoangManh_N20DCCN001_cuoiky_gtctdl\VuHoangManh_N20DCCN001_cuoiky_gtctdl.csproj", "{03FD67EF-446B-4D78-ACCB-05DACD584C52}"
EndProject
Global
	GlobalSection(SolutionConfigurationPlatforms) = preSolution
		Debug|Any CPU = Debug|Any CPU
		Release|Any CPU = Release|Any CPU
	EndGlobalSection
	GlobalSection(ProjectConfigurationPlatforms) = postSolution
		{03FD67EF-446B-4D78-ACCB-05DACD584C52}.Debug|Any CPU.ActiveCfg = Debug|Any CPU
		{03FD67EF-446B-4D78-ACCB-05DACD584C52}.Debug|Any CPU.Build.0 = Debug|Any CPU
		{03FD67EF-446B-4D78-ACCB-05DACD584C52}.Release|Any CPU.ActiveCfg = Release|Any CPU
		{03FD67EF-446B-4D78-ACCB-05DACD584C52}.Release|Any CPU.Build.0 = Release|Any CPU
	EndGlobalSection
	GlobalSection(SolutionProperties) = preSolution
		HideSolutionNode = FALSE
	EndGlobalSection
	GlobalSection(ExtensibilityGlobals) = postSolution
		SolutionGuid = {66B323DE-5C75-4435-9079-7D7947DDE993}
	EndGlobalSection
EndGlobal
